<Solution>
  <Folder Name="/McsCommon/" />
  <Folder Name="/McsCommon/Communicate/">
    <Project Path="McsCommon/CommonHardwareInteraction/OPCUA/OpcUA.csproj" />
    <Project Path="McsCommon/CommonHardwareInteraction/Tcp/Tcp.csproj" />
  </Folder>
  <Folder Name="/McsCommon/Core/">
    <Project Path="McsCommon/CommonCore/CoreDtoLib/CoreDtoLib.csproj" />
    <Project Path="McsCommon/CommonCore/CoreServiceLib/CoreServiceLib.csproj" />
    <Project Path="McsCommon/CommonCore/CoreWebAPI/CoreWebAPI.csproj" />
    <Project Path="McsCommon/CommonCore/CoreWpfLib/CoreWpfLib.csproj" />
  </Folder>
  <Folder Name="/McsCommon/Hardware/">
    <Project Path="McsCommon/CommonHardwareInteraction/HitbotMqtt/HitbotMqtt.csproj" />
  </Folder>
  <Folder Name="/McsHost/">
    <Project Path="McsHost/Host.csproj" />
  </Folder>
  <Folder Name="/McsService/">
    <Project Path="McsService/ServiceDtoLib/ServiceDtoLib.csproj" />
    <Project Path="McsService/ServiceImplement/ServiceImplement.csproj" />
    <Project Path="McsService/ServiceWebAPI/ServiceWebAPI.csproj" />
  </Folder>
  <Folder Name="/McsUI/">
    <Project Path="McsUI/UIWpf/UIWpf.csproj" />
  </Folder>
</Solution>
